// !$*UTF8*$!
{
	archiveVersion = 1;
	classes = {
	};
	objectVersion = 50;
	objects = {

/* Begin PBXBuildFile section */
		155C5666207E506C00AF55AA /* AppDelegate.swift in Sources */ = {isa = PBXBuildFile; fileRef = 155C5665207E506C00AF55AA /* AppDelegate.swift */; };
		155C5668207E506C00AF55AA /* art.scnassets in Resources */ = {isa = PBXBuildFile; fileRef = 155C5667207E506C00AF55AA /* art.scnassets */; };
		155C566A207E506C00AF55AA /* ViewController.swift in Sources */ = {isa = PBXBuildFile; fileRef = 155C5669207E506C00AF55AA /* ViewController.swift */; };
		155C566D207E506C00AF55AA /* Main.storyboard in Resources */ = {isa = PBXBuildFile; fileRef = 155C566B207E506C00AF55AA /* Main.storyboard */; };
		155C566F207E506D00AF55AA /* Assets.xcassets in Resources */ = {isa = PBXBuildFile; fileRef = 155C566E207E506D00AF55AA /* Assets.xcassets */; };
		155C5672207E506D00AF55AA /* LaunchScreen.storyboard in Resources */ = {isa = PBXBuildFile; fileRef = 155C5670207E506D00AF55AA /* LaunchScreen.storyboard */; };
		155C567B207E50D100AF55AA /* FilterModeView.swift in Sources */ = {isa = PBXBuildFile; fileRef = 155C567A207E50D100AF55AA /* FilterModeView.swift */; };
		155C567E207E50EA00AF55AA /* FilterModeView.xib in Resources */ = {isa = PBXBuildFile; fileRef = 155C567D207E50EA00AF55AA /* FilterModeView.xib */; };
		155C5680207E510000AF55AA /* FilterModeCell.swift in Sources */ = {isa = PBXBuildFile; fileRef = 155C567F207E510000AF55AA /* FilterModeCell.swift */; };
		155C5682207E511000AF55AA /* FilterModeCell.xib in Resources */ = {isa = PBXBuildFile; fileRef = 155C5681207E511000AF55AA /* FilterModeCell.xib */; };
		155C5684207E512100AF55AA /* FilterModeDataSource.swift in Sources */ = {isa = PBXBuildFile; fileRef = 155C5683207E512100AF55AA /* FilterModeDataSource.swift */; };
		155C5686207E513C00AF55AA /* FilterModeCollectionViewFlowLayout.swift in Sources */ = {isa = PBXBuildFile; fileRef = 155C5685207E513C00AF55AA /* FilterModeCollectionViewFlowLayout.swift */; };
		155C5688207E62BF00AF55AA /* Utils.swift in Sources */ = {isa = PBXBuildFile; fileRef = 155C5687207E62BF00AF55AA /* Utils.swift */; };
		155C568B207E6D5400AF55AA /* ViewController+Actions.swift in Sources */ = {isa = PBXBuildFile; fileRef = 155C568A207E6D5400AF55AA /* ViewController+Actions.swift */; };
		155C568D207E6DB200AF55AA /* ViewController+Animation.swift in Sources */ = {isa = PBXBuildFile; fileRef = 155C568C207E6DB200AF55AA /* ViewController+Animation.swift */; };
		155C568F207E6EFC00AF55AA /* ViewController+ARSCNViewDelegate.swift in Sources */ = {isa = PBXBuildFile; fileRef = 155C568E207E6EFC00AF55AA /* ViewController+ARSCNViewDelegate.swift */; };
/* End PBXBuildFile section */

/* Begin PBXFileReference section */
		155C5662207E506C00AF55AA /* SnapchatCollectionView.app */ = {isa = PBXFileReference; explicitFileType = wrapper.application; includeInIndex = 0; path = SnapchatCollectionView.app; sourceTree = BUILT_PRODUCTS_DIR; };
		155C5665207E506C00AF55AA /* AppDelegate.swift */ = {isa = PBXFileReference; lastKnownFileType = sourcecode.swift; path = AppDelegate.swift; sourceTree = "<group>"; };
		155C5667207E506C00AF55AA /* art.scnassets */ = {isa = PBXFileReference; lastKnownFileType = wrapper.scnassets; path = art.scnassets; sourceTree = "<group>"; };
		155C5669207E506C00AF55AA /* ViewController.swift */ = {isa = PBXFileReference; lastKnownFileType = sourcecode.swift; path = ViewController.swift; sourceTree = "<group>"; };
		155C566C207E506C00AF55AA /* Base */ = {isa = PBXFileReference; lastKnownFileType = file.storyboard; name = Base; path = Base.lproj/Main.storyboard; sourceTree = "<group>"; };
		155C566E207E506D00AF55AA /* Assets.xcassets */ = {isa = PBXFileReference; lastKnownFileType = folder.assetcatalog; path = Assets.xcassets; sourceTree = "<group>"; };
		155C5671207E506D00AF55AA /* Base */ = {isa = PBXFileReference; lastKnownFileType = file.storyboard; name = Base; path = Base.lproj/LaunchScreen.storyboard; sourceTree = "<group>"; };
		155C5673207E506D00AF55AA /* Info.plist */ = {isa = PBXFileReference; lastKnownFileType = text.plist.xml; path = Info.plist; sourceTree = "<group>"; };
		155C567A207E50D100AF55AA /* FilterModeView.swift */ = {isa = PBXFileReference; lastKnownFileType = sourcecode.swift; path = FilterModeView.swift; sourceTree = "<group>"; };
		155C567D207E50EA00AF55AA /* FilterModeView.xib */ = {isa = PBXFileReference; lastKnownFileType = file.xib; path = FilterModeView.xib; sourceTree = "<group>"; };
		155C567F207E510000AF55AA /* FilterModeCell.swift */ = {isa = PBXFileReference; lastKnownFileType = sourcecode.swift; path = FilterModeCell.swift; sourceTree = "<group>"; };
		155C5681207E511000AF55AA /* FilterModeCell.xib */ = {isa = PBXFileReference; lastKnownFileType = file.xib; path = FilterModeCell.xib; sourceTree = "<group>"; };
		155C5683207E512100AF55AA /* FilterModeDataSource.swift */ = {isa = PBXFileReference; lastKnownFileType = sourcecode.swift; path = FilterModeDataSource.swift; sourceTree = "<group>"; };
		155C5685207E513C00AF55AA /* FilterModeCollectionViewFlowLayout.swift */ = {isa = PBXFileReference; lastKnownFileType = sourcecode.swift; path = FilterModeCollectionViewFlowLayout.swift; sourceTree = "<group>"; };
		155C5687207E62BF00AF55AA /* Utils.swift */ = {isa = PBXFileReference; lastKnownFileType = sourcecode.swift; path = Utils.swift; sourceTree = "<group>"; };
		155C568A207E6D5400AF55AA /* ViewController+Actions.swift */ = {isa = PBXFileReference; lastKnownFileType = sourcecode.swift; path = "ViewController+Actions.swift"; sourceTree = "<group>"; };
		155C568C207E6DB200AF55AA /* ViewController+Animation.swift */ = {isa = PBXFileReference; lastKnownFileType = sourcecode.swift; path = "ViewController+Animation.swift"; sourceTree = "<group>"; };
		155C568E207E6EFC00AF55AA /* ViewController+ARSCNViewDelegate.swift */ = {isa = PBXFileReference; lastKnownFileType = sourcecode.swift; path = "ViewController+ARSCNViewDelegate.swift"; sourceTree = "<group>"; };
/* End PBXFileReference section */

/* Begin PBXFrameworksBuildPhase section */
		155C565F207E506C00AF55AA /* Frameworks */ = {
			isa = PBXFrameworksBuildPhase;
			buildActionMask = 2147483647;
			files = (
			);
			runOnlyForDeploymentPostprocessing = 0;
		};
/* End PBXFrameworksBuildPhase section */

/* Begin PBXGroup section */
		155C5659207E506C00AF55AA = {
			isa = PBXGroup;
			children = (
				155C5664207E506C00AF55AA /* SnapchatCollectionView */,
				155C5663207E506C00AF55AA /* Products */,
			);
			sourceTree = "<group>";
		};
		155C5663207E506C00AF55AA /* Products */ = {
			isa = PBXGroup;
			children = (
				155C5662207E506C00AF55AA /* SnapchatCollectionView.app */,
			);
			name = Products;
			sourceTree = "<group>";
		};
		155C5664207E506C00AF55AA /* SnapchatCollectionView */ = {
			isa = PBXGroup;
			children = (
				155C5673207E506D00AF55AA /* Info.plist */,
				155C5665207E506C00AF55AA /* AppDelegate.swift */,
				155C5687207E62BF00AF55AA /* Utils.swift */,
				155C5689207E6D3C00AF55AA /* ViewController */,
				155C5679207E50B000AF55AA /* FilterView */,
				155C5667207E506C00AF55AA /* art.scnassets */,
				155C566E207E506D00AF55AA /* Assets.xcassets */,
			);
			path = SnapchatCollectionView;
			sourceTree = "<group>";
		};
		155C5679207E50B000AF55AA /* FilterView */ = {
			isa = PBXGroup;
			children = (
				155C567A207E50D100AF55AA /* FilterModeView.swift */,
				155C567D207E50EA00AF55AA /* FilterModeView.xib */,
				155C567F207E510000AF55AA /* FilterModeCell.swift */,
				155C5681207E511000AF55AA /* FilterModeCell.xib */,
				155C5683207E512100AF55AA /* FilterModeDataSource.swift */,
				155C5685207E513C00AF55AA /* FilterModeCollectionViewFlowLayout.swift */,
			);
			path = FilterView;
			sourceTree = "<group>";
		};
		155C5689207E6D3C00AF55AA /* ViewController */ = {
			isa = PBXGroup;
			children = (
				155C5670207E506D00AF55AA /* LaunchScreen.storyboard */,
				155C566B207E506C00AF55AA /* Main.storyboard */,
				155C5669207E506C00AF55AA /* ViewController.swift */,
				155C568A207E6D5400AF55AA /* ViewController+Actions.swift */,
				155C568C207E6DB200AF55AA /* ViewController+Animation.swift */,
				155C568E207E6EFC00AF55AA /* ViewController+ARSCNViewDelegate.swift */,
			);
			path = ViewController;
			sourceTree = "<group>";
		};
/* End PBXGroup section */

/* Begin PBXNativeTarget section */
		155C5661207E506C00AF55AA /* SnapchatCollectionView */ = {
			isa = PBXNativeTarget;
			buildConfigurationList = 155C5676207E506D00AF55AA /* Build configuration list for PBXNativeTarget "SnapchatCollectionView" */;
			buildPhases = (
				155C565E207E506C00AF55AA /* Sources */,
				155C565F207E506C00AF55AA /* Frameworks */,
				155C5660207E506C00AF55AA /* Resources */,
			);
			buildRules = (
			);
			dependencies = (
			);
			name = SnapchatCollectionView;
			productName = SnapchatCollectionView;
			productReference = 155C5662207E506C00AF55AA /* SnapchatCollectionView.app */;
			productType = "com.apple.product-type.application";
		};
/* End PBXNativeTarget section */

/* Begin PBXProject section */
		155C565A207E506C00AF55AA /* Project object */ = {
			isa = PBXProject;
			attributes = {
				LastSwiftUpdateCheck = 0930;
				LastUpgradeCheck = 0930;
				ORGANIZATIONNAME = "Haruya Ishikawa";
				TargetAttributes = {
					155C5661207E506C00AF55AA = {
						CreatedOnToolsVersion = 9.3;
					};
				};
			};
			buildConfigurationList = 155C565D207E506C00AF55AA /* Build configuration list for PBXProject "SnapchatCollectionView" */;
			compatibilityVersion = "Xcode 9.3";
			developmentRegion = en;
			hasScannedForEncodings = 0;
			knownRegions = (
				en,
				Base,
			);
			mainGroup = 155C5659207E506C00AF55AA;
			productRefGroup = 155C5663207E506C00AF55AA /* Products */;
			projectDirPath = "";
			projectRoot = "";
			targets = (
				155C5661207E506C00AF55AA /* SnapchatCollectionView */,
			);
		};
/* End PBXProject section */

/* Begin PBXResourcesBuildPhase section */
		155C5660207E506C00AF55AA /* Resources */ = {
			isa = PBXResourcesBuildPhase;
			buildActionMask = 2147483647;
			files = (
				155C5668207E506C00AF55AA /* art.scnassets in Resources */,
				155C5672207E506D00AF55AA /* LaunchScreen.storyboard in Resources */,
				155C566F207E506D00AF55AA /* Assets.xcassets in Resources */,
				155C566D207E506C00AF55AA /* Main.storyboard in Resources */,
				155C5682207E511000AF55AA /* FilterModeCell.xib in Resources */,
				155C567E207E50EA00AF55AA /* FilterModeView.xib in Resources */,
			);
			runOnlyForDeploymentPostprocessing = 0;
		};
/* End PBXResourcesBuildPhase section */

/* Begin PBXSourcesBuildPhase section */
		155C565E207E506C00AF55AA /* Sources */ = {
			isa = PBXSourcesBuildPhase;
			buildActionMask = 2147483647;
			files = (
				155C566A207E506C00AF55AA /* ViewController.swift in Sources */,
				155C5686207E513C00AF55AA /* FilterModeCollectionViewFlowLayout.swift in Sources */,
				155C568B207E6D5400AF55AA /* ViewController+Actions.swift in Sources */,
				155C567B207E50D100AF55AA /* FilterModeView.swift in Sources */,
				155C5688207E62BF00AF55AA /* Utils.swift in Sources */,
				155C568D207E6DB200AF55AA /* ViewController+Animation.swift in Sources */,
				155C5680207E510000AF55AA /* FilterModeCell.swift in Sources */,
				155C5666207E506C00AF55AA /* AppDelegate.swift in Sources */,
				155C568F207E6EFC00AF55AA /* ViewController+ARSCNViewDelegate.swift in Sources */,
				155C5684207E512100AF55AA /* FilterModeDataSource.swift in Sources */,
			);
			runOnlyForDeploymentPostprocessing = 0;
		};
/* End PBXSourcesBuildPhase section */

/* Begin PBXVariantGroup section */
		155C566B207E506C00AF55AA /* Main.storyboard */ = {
			isa = PBXVariantGroup;
			children = (
				155C566C207E506C00AF55AA /* Base */,
			);
			name = Main.storyboard;
			sourceTree = "<group>";
		};
		155C5670207E506D00AF55AA /* LaunchScreen.storyboard */ = {
			isa = PBXVariantGroup;
			children = (
				155C5671207E506D00AF55AA /* Base */,
			);
			name = LaunchScreen.storyboard;
			sourceTree = "<group>";
		};
/* End PBXVariantGroup section */

/* Begin XCBuildConfiguration section */
		155C5674207E506D00AF55AA /* Debug */ = {
			isa = XCBuildConfiguration;
			buildSettings = {
				ALWAYS_SEARCH_USER_PATHS = NO;
				CLANG_ANALYZER_NONNULL = YES;
				CLANG_ANALYZER_NUMBER_OBJECT_CONVERSION = YES_AGGRESSIVE;
				CLANG_CXX_LANGUAGE_STANDARD = "gnu++14";
				CLANG_CXX_LIBRARY = "libc++";
				CLANG_ENABLE_MODULES = YES;
				CLANG_ENABLE_OBJC_ARC = YES;
				CLANG_ENABLE_OBJC_WEAK = YES;
				CLANG_WARN_BLOCK_CAPTURE_AUTORELEASING = YES;
				CLANG_WARN_BOOL_CONVERSION = YES;
				CLANG_WARN_COMMA = YES;
				CLANG_WARN_CONSTANT_CONVERSION = YES;
				CLANG_WARN_DEPRECATED_OBJC_IMPLEMENTATIONS = YES;
				CLANG_WARN_DIRECT_OBJC_ISA_USAGE = YES_ERROR;
				CLANG_WARN_DOCUMENTATION_COMMENTS = YES;
				CLANG_WARN_EMPTY_BODY = YES;
				CLANG_WARN_ENUM_CONVERSION = YES;
				CLANG_WARN_INFINITE_RECURSION = YES;
				CLANG_WARN_INT_CONVERSION = YES;
				CLANG_WARN_NON_LITERAL_NULL_CONVERSION = YES;
				CLANG_WARN_OBJC_IMPLICIT_RETAIN_SELF = YES;
				CLANG_WARN_OBJC_LITERAL_CONVERSION = YES;
				CLANG_WARN_OBJC_ROOT_CLASS = YES_ERROR;
				CLANG_WARN_RANGE_LOOP_ANALYSIS = YES;
				CLANG_WARN_STRICT_PROTOTYPES = YES;
				CLANG_WARN_SUSPICIOUS_MOVE = YES;
				CLANG_WARN_UNGUARDED_AVAILABILITY = YES_AGGRESSIVE;
				CLANG_WARN_UNREACHABLE_CODE = YES;
				CLANG_WARN__DUPLICATE_METHOD_MATCH = YES;
				CODE_SIGN_IDENTITY = "iPhone Developer";
				COPY_PHASE_STRIP = NO;
				DEBUG_INFORMATION_FORMAT = dwarf;
				ENABLE_STRICT_OBJC_MSGSEND = YES;
				ENABLE_TESTABILITY = YES;
				GCC_C_LANGUAGE_STANDARD = gnu11;
				GCC_DYNAMIC_NO_PIC = NO;
				GCC_NO_COMMON_BLOCKS = YES;
				GCC_OPTIMIZATION_LEVEL = 0;
				GCC_PREPROCESSOR_DEFINITIONS = (
					"DEBUG=1",
					"$(inherited)",
				);
				GCC_WARN_64_TO_32_BIT_CONVERSION = YES;
				GCC_WARN_ABOUT_RETURN_TYPE = YES_ERROR;
				GCC_WARN_UNDECLARED_SELECTOR = YES;
				GCC_WARN_UNINITIALIZED_AUTOS = YES_AGGRESSIVE;
				GCC_WARN_UNUSED_FUNCTION = YES;
				GCC_WARN_UNUSED_VARIABLE = YES;
				IPHONEOS_DEPLOYMENT_TARGET = 11.3;
				MTL_ENABLE_DEBUG_INFO = YES;
				ONLY_ACTIVE_ARCH = YES;
				SDKROOT = iphoneos;
				SWIFT_ACTIVE_COMPILATION_CONDITIONS = DEBUG;
				SWIFT_OPTIMIZATION_LEVEL = "-Onone";
			};
			name = Debug;
		};
		155C5675207E506D00AF55AA /* Release */ = {
			isa = XCBuildConfiguration;
			buildSettings = {
				ALWAYS_SEARCH_USER_PATHS = NO;
				CLANG_ANALYZER_NONNULL = YES;
				CLANG_ANALYZER_NUMBER_OBJECT_CONVERSION = YES_AGGRESSIVE;
				CLANG_CXX_LANGUAGE_STANDARD = "gnu++14";
				CLANG_CXX_LIBRARY = "libc++";
				CLANG_ENABLE_MODULES = YES;
				CLANG_ENABLE_OBJC_ARC = YES;
				CLANG_ENABLE_OBJC_WEAK = YES;
				CLANG_WARN_BLOCK_CAPTURE_AUTORELEASING = YES;
				CLANG_WARN_BOOL_CONVERSION = YES;
				CLANG_WARN_COMMA = YES;
				CLANG_WARN_CONSTANT_CONVERSION = YES;
				CLANG_WARN_DEPRECATED_OBJC_IMPLEMENTATIONS = YES;
				CLANG_WARN_DIRECT_OBJC_ISA_USAGE = YES_ERROR;
				CLANG_WARN_DOCUMENTATION_COMMENTS = YES;
				CLANG_WARN_EMPTY_BODY = YES;
				CLANG_WARN_ENUM_CONVERSION = YES;
				CLANG_WARN_INFINITE_RECURSION = YES;
				CLANG_WARN_INT_CONVERSION = YES;
				CLANG_WARN_NON_LITERAL_NULL_CONVERSION = YES;
				CLANG_WARN_OBJC_IMPLICIT_RETAIN_SELF = YES;
				CLANG_WARN_OBJC_LITERAL_CONVERSION = YES;
				CLANG_WARN_OBJC_ROOT_CLASS = YES_ERROR;
				CLANG_WARN_RANGE_LOOP_ANALYSIS = YES;
				CLANG_WARN_STRICT_PROTOTYPES = YES;
				CLANG_WARN_SUSPICIOUS_MOVE = YES;
				CLANG_WARN_UNGUARDED_AVAILABILITY = YES_AGGRESSIVE;
				CLANG_WARN_UNREACHABLE_CODE = YES;
				CLANG_WARN__DUPLICATE_METHOD_MATCH = YES;
				CODE_SIGN_IDENTITY = "iPhone Developer";
				COPY_PHASE_STRIP = NO;
				DEBUG_INFORMATION_FORMAT = "dwarf-with-dsym";
				ENABLE_NS_ASSERTIONS = NO;
				ENABLE_STRICT_OBJC_MSGSEND = YES;
				GCC_C_LANGUAGE_STANDARD = gnu11;
				GCC_NO_COMMON_BLOCKS = YES;
				GCC_WARN_64_TO_32_BIT_CONVERSION = YES;
				GCC_WARN_ABOUT_RETURN_TYPE = YES_ERROR;
				GCC_WARN_UNDECLARED_SELECTOR = YES;
				GCC_WARN_UNINITIALIZED_AUTOS = YES_AGGRESSIVE;
				GCC_WARN_UNUSED_FUNCTION = YES;
				GCC_WARN_UNUSED_VARIABLE = YES;
				IPHONEOS_DEPLOYMENT_TARGET = 11.3;
				MTL_ENABLE_DEBUG_INFO = NO;
				SDKROOT = iphoneos;
				SWIFT_COMPILATION_MODE = wholemodule;
				SWIFT_OPTIMIZATION_LEVEL = "-O";
				VALIDATE_PRODUCT = YES;
			};
			name = Release;
		};
		155C5677207E506D00AF55AA /* Debug */ = {
			isa = XCBuildConfiguration;
			buildSettings = {
				ASSETCATALOG_COMPILER_APPICON_NAME = AppIcon;
				CODE_SIGN_STYLE = Automatic;
				DEVELOPMENT_TEAM = W9YDB79L6Y;
				INFOPLIST_FILE = SnapchatCollectionView/Info.plist;
				LD_RUNPATH_SEARCH_PATHS = (
					"$(inherited)",
					"@executable_path/Frameworks",
				);
				PRODUCT_BUNDLE_IDENTIFIER = com.haruyaishikawa.SnapchatCollectionView;
				PRODUCT_NAME = "$(TARGET_NAME)";
				SWIFT_VERSION = 4.0;
				TARGETED_DEVICE_FAMILY = 1;
			};
			name = Debug;
		};
		155C5678207E506D00AF55AA /* Release */ = {
			isa = XCBuildConfiguration;
			buildSettings = {
				ASSETCATALOG_COMPILER_APPICON_NAME = AppIcon;
				CODE_SIGN_STYLE = Automatic;
				DEVELOPMENT_TEAM = W9YDB79L6Y;
				INFOPLIST_FILE = SnapchatCollectionView/Info.plist;
				LD_RUNPATH_SEARCH_PATHS = (
					"$(inherited)",
					"@executable_path/Frameworks",
				);
				PRODUCT_BUNDLE_IDENTIFIER = com.haruyaishikawa.SnapchatCollectionView;
				PRODUCT_NAME = "$(TARGET_NAME)";
				SWIFT_VERSION = 4.0;
				TARGETED_DEVICE_FAMILY = 1;
			};
			name = Release;
		};
/* End XCBuildConfiguration section */

/* Begin XCConfigurationList section */
		155C565D207E506C00AF55AA /* Build configuration list for PBXProject "SnapchatCollectionView" */ = {
			isa = XCConfigurationList;
			buildConfigurations = (
				155C5674207E506D00AF55AA /* Debug */,
				155C5675207E506D00AF55AA /* Release */,
			);
			defaultConfigurationIsVisible = 0;
			defaultConfigurationName = Release;
		};
		155C5676207E506D00AF55AA /* Build configuration list for PBXNativeTarget "SnapchatCollectionView" */ = {
			isa = XCConfigurationList;
			buildConfigurations = (
				155C5677207E506D00AF55AA /* Debug */,
				155C5678207E506D00AF55AA /* Release */,
			);
			defaultConfigurationIsVisible = 0;
			defaultConfigurationName = Release;
		};
/* End XCConfigurationList section */
	};
	rootObject = 155C565A207E506C00AF55AA /* Project object */;
}
